
Microsoft Visual Studio Solution File, Format Version 12.00
# Visual Studio Version 17
VisualStudioVersion = 17.0.31903.59
MinimumVisualStudioVersion = 10.0.40219.1
Project("{2150E333-8FDC-42A3-9474-1A3956D46DE8}") = "src", "src", "{827E0CD3-B72D-47B6-A68D-7590B98EB39B}"
EndProject
Project("{FAE04EC0-301F-11D3-BF4B-00C04F79EFBC}") = "Database.Api.Tunnel", "src\Database.Api.Tunnel\Database.Api.Tunnel.csproj", "{8A46E524-5079-4E79-9C01-40D764D46EFF}"
EndProject
Project("{FAE04EC0-301F-11D3-BF4B-00C04F79EFBC}") = "Database.Api.Tunnel.Tests", "src\Database.Api.Tunnel.Tests\Database.Api.Tunnel.Tests.csproj", "{7000B18B-FC44-41EC-906D-1F436AEB6C5B}"
EndProject
Global
	GlobalSection(SolutionConfigurationPlatforms) = preSolution
		Debug|Any CPU = Debug|Any CPU
		Debug|x64 = Debug|x64
		Debug|x86 = Debug|x86
		Release|Any CPU = Release|Any CPU
		Release|x64 = Release|x64
		Release|x86 = Release|x86
	EndGlobalSection
	GlobalSection(ProjectConfigurationPlatforms) = postSolution
		{8A46E524-5079-4E79-9C01-40D764D46EFF}.Debug|Any CPU.ActiveCfg = Debug|Any CPU
		{8A46E524-5079-4E79-9C01-40D764D46EFF}.Debug|Any CPU.Build.0 = Debug|Any CPU
		{8A46E524-5079-4E79-9C01-40D764D46EFF}.Debug|x64.ActiveCfg = Debug|Any CPU
		{8A46E524-5079-4E79-9C01-40D764D46EFF}.Debug|x64.Build.0 = Debug|Any CPU
		{8A46E524-5079-4E79-9C01-40D764D46EFF}.Debug|x86.ActiveCfg = Debug|Any CPU
		{8A46E524-5079-4E79-9C01-40D764D46EFF}.Debug|x86.Build.0 = Debug|Any CPU
		{8A46E524-5079-4E79-9C01-40D764D46EFF}.Release|Any CPU.ActiveCfg = Release|Any CPU
		{8A46E524-5079-4E79-9C01-40D764D46EFF}.Release|Any CPU.Build.0 = Release|Any CPU
		{8A46E524-5079-4E79-9C01-40D764D46EFF}.Release|x64.ActiveCfg = Release|Any CPU
		{8A46E524-5079-4E79-9C01-40D764D46EFF}.Release|x64.Build.0 = Release|Any CPU
		{8A46E524-5079-4E79-9C01-40D764D46EFF}.Release|x86.ActiveCfg = Release|Any CPU
		{8A46E524-5079-4E79-9C01-40D764D46EFF}.Release|x86.Build.0 = Release|Any CPU
		{7000B18B-FC44-41EC-906D-1F436AEB6C5B}.Debug|Any CPU.ActiveCfg = Debug|Any CPU
		{7000B18B-FC44-41EC-906D-1F436AEB6C5B}.Debug|Any CPU.Build.0 = Debug|Any CPU
		{7000B18B-FC44-41EC-906D-1F436AEB6C5B}.Debug|x64.ActiveCfg = Debug|Any CPU
		{7000B18B-FC44-41EC-906D-1F436AEB6C5B}.Debug|x64.Build.0 = Debug|Any CPU
		{7000B18B-FC44-41EC-906D-1F436AEB6C5B}.Debug|x86.ActiveCfg = Debug|Any CPU
		{7000B18B-FC44-41EC-906D-1F436AEB6C5B}.Debug|x86.Build.0 = Debug|Any CPU
		{7000B18B-FC44-41EC-906D-1F436AEB6C5B}.Release|Any CPU.ActiveCfg = Release|Any CPU
		{7000B18B-FC44-41EC-906D-1F436AEB6C5B}.Release|Any CPU.Build.0 = Release|Any CPU
		{7000B18B-FC44-41EC-906D-1F436AEB6C5B}.Release|x64.ActiveCfg = Release|Any CPU
		{7000B18B-FC44-41EC-906D-1F436AEB6C5B}.Release|x64.Build.0 = Release|Any CPU
		{7000B18B-FC44-41EC-906D-1F436AEB6C5B}.Release|x86.ActiveCfg = Release|Any CPU
		{7000B18B-FC44-41EC-906D-1F436AEB6C5B}.Release|x86.Build.0 = Release|Any CPU
	EndGlobalSection
	GlobalSection(SolutionProperties) = preSolution
		HideSolutionNode = FALSE
	EndGlobalSection
	GlobalSection(NestedProjects) = preSolution
		{8A46E524-5079-4E79-9C01-40D764D46EFF} = {827E0CD3-B72D-47B6-A68D-7590B98EB39B}
		{7000B18B-FC44-41EC-906D-1F436AEB6C5B} = {827E0CD3-B72D-47B6-A68D-7590B98EB39B}
	EndGlobalSection
EndGlobal
